
Microsoft Visual Studio Solution File, Format Version 12.00
# Visual Studio Version 17
VisualStudioVersion = 17.5.002.0
MinimumVisualStudioVersion = 10.0.40219.1
Project("{9A19103F-16F7-4668-BE54-9A1E7A4F7556}") = "Yum2Tools", "Yum2Tools.csproj", "{0D15135D-6DF2-46D1-8489-51EF0E65309B}"
EndProject
Global
	GlobalSection(SolutionConfigurationPlatforms) = preSolution
		Debug|Any CPU = Debug|Any CPU
		Release|Any CPU = Release|Any CPU
	EndGlobalSection
	GlobalSection(ProjectConfigurationPlatforms) = postSolution
		{0D15135D-6DF2-46D1-8489-51EF0E65309B}.Debug|Any CPU.ActiveCfg = Debug|Any CPU
		{0D15135D-6DF2-46D1-8489-51EF0E65309B}.Debug|Any CPU.Build.0 = Debug|Any CPU
		{0D15135D-6DF2-46D1-8489-51EF0E65309B}.Release|Any CPU.ActiveCfg = Release|Any CPU
		{0D15135D-6DF2-46D1-8489-51EF0E65309B}.Release|Any CPU.Build.0 = Release|Any CPU
	EndGlobalSection
	GlobalSection(SolutionProperties) = preSolution
		HideSolutionNode = FALSE
	EndGlobalSection
	GlobalSection(ExtensibilityGlobals) = postSolution
		SolutionGuid = {43953CA3-1C1C-4ADD-91B8-2CC69CFDA31C}
	EndGlobalSection
EndGlobal
